
Microsoft Visual Studio Solution File, Format Version 12.00
# Visual Studio Version 17
VisualStudioVersion = 17.0.31612.314
MinimumVisualStudioVersion = 10.0.40219.1
Project("{2150E333-8FDC-42A3-9474-1A3956D46DE8}") = "src", "src", "{AD47D975-CC6E-4E63-AC40-521BA951CD99}"
EndProject
Project("{2150E333-8FDC-42A3-9474-1A3956D46DE8}") = "sgp", "sgp", "{74E53418-043D-42E4-A1F0-4F24B44C4AEE}"
EndProject
Project("{9A19103F-16F7-4668-BE54-9A1E7A4F7556}") = "SME.SGP.IoC", "..\SME-NovoSGP\src\SME.SGP.IoC\SME.SGP.IoC.csproj", "{1F86984F-441D-4707-86BC-ABAA3DBDFA02}"
EndProject
Project("{9A19103F-16F7-4668-BE54-9A1E7A4F7556}") = "SME.SGP.Aplicacao", "..\SME-NovoSGP\src\SME.SGP.Aplicacao\SME.SGP.Aplicacao.csproj", "{7ED6252D-C04E-4C29-8B49-173BBC35211C}"
EndProject
Project("{9A19103F-16F7-4668-BE54-9A1E7A4F7556}") = "SME.Worker.Agendador.Infra", "src\SME.Worker.Agendador.Infra\SME.Worker.Agendador.Infra.csproj", "{73042886-9618-4B6A-B448-8838914DC066}"
EndProject
Project("{9A19103F-16F7-4668-BE54-9A1E7A4F7556}") = "SME.Worker.Agendador.Hangfire", "src\SME.Worker.Agendador.Hangfire\SME.Worker.Agendador.Hangfire.csproj", "{8BDEFC6C-ABFA-4DF5-9F69-E1B8542408E1}"
EndProject
Project("{9A19103F-16F7-4668-BE54-9A1E7A4F7556}") = "SME.Worker.Agendador.Background.Core", "src\SME.Worker.Agendador.Background.Core\SME.Worker.Agendador.Background.Core.csproj", "{489F9DD3-E26F-4E3E-9F19-33407D5695A2}"
EndProject
Project("{9A19103F-16F7-4668-BE54-9A1E7A4F7556}") = "SME.Worker.Agendador.Background", "src\SME.Worker.Agendador.Background\SME.Worker.Agendador.Background.csproj", "{8464ECCE-5116-4BCB-BF8E-4F73E5A5EE1C}"
EndProject
Project("{9A19103F-16F7-4668-BE54-9A1E7A4F7556}") = "SME.Worker.Agendador.Api", "src\SME.Worker.Agendador.Api\SME.Worker.Agendador.Api.csproj", "{2D508DC2-91F3-4DE3-BD99-6BDF3AE8B1A4}"
EndProject
Project("{9A19103F-16F7-4668-BE54-9A1E7A4F7556}") = "SME.Worker.Agendador.IoC", "src\SME.Worker.Agendador.IoC\SME.Worker.Agendador.IoC.csproj", "{9318F1CB-94F1-4241-96EE-273D2FAD30D8}"
EndProject
Project("{9A19103F-16F7-4668-BE54-9A1E7A4F7556}") = "SME.SGP.Dominio.Interfaces", "..\SME-NovoSGP\src\SME.SGP.Dominio.Interfaces\SME.SGP.Dominio.Interfaces.csproj", "{C0E3BF34-7B4C-4C43-A87C-8E8D880D86EA}"
EndProject
Project("{9A19103F-16F7-4668-BE54-9A1E7A4F7556}") = "SME.SGP.Dados", "..\SME-NovoSGP\src\SME.SGP.Dados\SME.SGP.Dados.csproj", "{9CBD4AB9-85C2-406F-95C3-02DF9B1BF741}"
EndProject
Project("{FAE04EC0-301F-11D3-BF4B-00C04F79EFBC}") = "SME.Worker.Agendador.Aplicacao", "SME.Worker.Agendador.Aplicacao\SME.Worker.Agendador.Aplicacao.csproj", "{2B6443F4-6C36-448D-B458-3075135E9ED4}"
EndProject
Project("{9A19103F-16F7-4668-BE54-9A1E7A4F7556}") = "SME.SGP.Agendador.Dominio", "..\SME-NovoSGP\src\SME.SGP.Agendador.Dominio\SME.SGP.Agendador.Dominio.csproj", "{E436389E-4A41-4681-A4F1-04C03E86106F}"
EndProject
Global
	GlobalSection(SolutionConfigurationPlatforms) = preSolution
		Debug|Any CPU = Debug|Any CPU
		Release|Any CPU = Release|Any CPU
	EndGlobalSection
	GlobalSection(ProjectConfigurationPlatforms) = postSolution
		{1F86984F-441D-4707-86BC-ABAA3DBDFA02}.Debug|Any CPU.ActiveCfg = Debug|Any CPU
		{1F86984F-441D-4707-86BC-ABAA3DBDFA02}.Debug|Any CPU.Build.0 = Debug|Any CPU
		{1F86984F-441D-4707-86BC-ABAA3DBDFA02}.Release|Any CPU.ActiveCfg = Release|Any CPU
		{1F86984F-441D-4707-86BC-ABAA3DBDFA02}.Release|Any CPU.Build.0 = Release|Any CPU
		{7ED6252D-C04E-4C29-8B49-173BBC35211C}.Debug|Any CPU.ActiveCfg = Debug|Any CPU
		{7ED6252D-C04E-4C29-8B49-173BBC35211C}.Debug|Any CPU.Build.0 = Debug|Any CPU
		{7ED6252D-C04E-4C29-8B49-173BBC35211C}.Release|Any CPU.ActiveCfg = Release|Any CPU
		{7ED6252D-C04E-4C29-8B49-173BBC35211C}.Release|Any CPU.Build.0 = Release|Any CPU
		{73042886-9618-4B6A-B448-8838914DC066}.Debug|Any CPU.ActiveCfg = Debug|Any CPU
		{73042886-9618-4B6A-B448-8838914DC066}.Debug|Any CPU.Build.0 = Debug|Any CPU
		{73042886-9618-4B6A-B448-8838914DC066}.Release|Any CPU.ActiveCfg = Release|Any CPU
		{73042886-9618-4B6A-B448-8838914DC066}.Release|Any CPU.Build.0 = Release|Any CPU
		{8BDEFC6C-ABFA-4DF5-9F69-E1B8542408E1}.Debug|Any CPU.ActiveCfg = Debug|Any CPU
		{8BDEFC6C-ABFA-4DF5-9F69-E1B8542408E1}.Debug|Any CPU.Build.0 = Debug|Any CPU
		{8BDEFC6C-ABFA-4DF5-9F69-E1B8542408E1}.Release|Any CPU.ActiveCfg = Release|Any CPU
		{8BDEFC6C-ABFA-4DF5-9F69-E1B8542408E1}.Release|Any CPU.Build.0 = Release|Any CPU
		{489F9DD3-E26F-4E3E-9F19-33407D5695A2}.Debug|Any CPU.ActiveCfg = Debug|Any CPU
		{489F9DD3-E26F-4E3E-9F19-33407D5695A2}.Debug|Any CPU.Build.0 = Debug|Any CPU
		{489F9DD3-E26F-4E3E-9F19-33407D5695A2}.Release|Any CPU.ActiveCfg = Release|Any CPU
		{489F9DD3-E26F-4E3E-9F19-33407D5695A2}.Release|Any CPU.Build.0 = Release|Any CPU
		{8464ECCE-5116-4BCB-BF8E-4F73E5A5EE1C}.Debug|Any CPU.ActiveCfg = Debug|Any CPU
		{8464ECCE-5116-4BCB-BF8E-4F73E5A5EE1C}.Debug|Any CPU.Build.0 = Debug|Any CPU
		{8464ECCE-5116-4BCB-BF8E-4F73E5A5EE1C}.Release|Any CPU.ActiveCfg = Release|Any CPU
		{8464ECCE-5116-4BCB-BF8E-4F73E5A5EE1C}.Release|Any CPU.Build.0 = Release|Any CPU
		{2D508DC2-91F3-4DE3-BD99-6BDF3AE8B1A4}.Debug|Any CPU.ActiveCfg = Debug|Any CPU
		{2D508DC2-91F3-4DE3-BD99-6BDF3AE8B1A4}.Debug|Any CPU.Build.0 = Debug|Any CPU
		{2D508DC2-91F3-4DE3-BD99-6BDF3AE8B1A4}.Release|Any CPU.ActiveCfg = Release|Any CPU
		{2D508DC2-91F3-4DE3-BD99-6BDF3AE8B1A4}.Release|Any CPU.Build.0 = Release|Any CPU
		{9318F1CB-94F1-4241-96EE-273D2FAD30D8}.Debug|Any CPU.ActiveCfg = Debug|Any CPU
		{9318F1CB-94F1-4241-96EE-273D2FAD30D8}.Debug|Any CPU.Build.0 = Debug|Any CPU
		{9318F1CB-94F1-4241-96EE-273D2FAD30D8}.Release|Any CPU.ActiveCfg = Release|Any CPU
		{9318F1CB-94F1-4241-96EE-273D2FAD30D8}.Release|Any CPU.Build.0 = Release|Any CPU
		{C0E3BF34-7B4C-4C43-A87C-8E8D880D86EA}.Debug|Any CPU.ActiveCfg = Debug|Any CPU
		{C0E3BF34-7B4C-4C43-A87C-8E8D880D86EA}.Debug|Any CPU.Build.0 = Debug|Any CPU
		{C0E3BF34-7B4C-4C43-A87C-8E8D880D86EA}.Release|Any CPU.ActiveCfg = Release|Any CPU
		{C0E3BF34-7B4C-4C43-A87C-8E8D880D86EA}.Release|Any CPU.Build.0 = Release|Any CPU
		{9CBD4AB9-85C2-406F-95C3-02DF9B1BF741}.Debug|Any CPU.ActiveCfg = Debug|Any CPU
		{9CBD4AB9-85C2-406F-95C3-02DF9B1BF741}.Debug|Any CPU.Build.0 = Debug|Any CPU
		{9CBD4AB9-85C2-406F-95C3-02DF9B1BF741}.Release|Any CPU.ActiveCfg = Release|Any CPU
		{9CBD4AB9-85C2-406F-95C3-02DF9B1BF741}.Release|Any CPU.Build.0 = Release|Any CPU
		{2B6443F4-6C36-448D-B458-3075135E9ED4}.Debug|Any CPU.ActiveCfg = Debug|Any CPU
		{2B6443F4-6C36-448D-B458-3075135E9ED4}.Debug|Any CPU.Build.0 = Debug|Any CPU
		{2B6443F4-6C36-448D-B458-3075135E9ED4}.Release|Any CPU.ActiveCfg = Release|Any CPU
		{2B6443F4-6C36-448D-B458-3075135E9ED4}.Release|Any CPU.Build.0 = Release|Any CPU
		{E436389E-4A41-4681-A4F1-04C03E86106F}.Debug|Any CPU.ActiveCfg = Debug|Any CPU
		{E436389E-4A41-4681-A4F1-04C03E86106F}.Debug|Any CPU.Build.0 = Debug|Any CPU
		{E436389E-4A41-4681-A4F1-04C03E86106F}.Release|Any CPU.ActiveCfg = Release|Any CPU
		{E436389E-4A41-4681-A4F1-04C03E86106F}.Release|Any CPU.Build.0 = Release|Any CPU
	EndGlobalSection
	GlobalSection(SolutionProperties) = preSolution
		HideSolutionNode = FALSE
	EndGlobalSection
	GlobalSection(NestedProjects) = preSolution
		{1F86984F-441D-4707-86BC-ABAA3DBDFA02} = {74E53418-043D-42E4-A1F0-4F24B44C4AEE}
		{7ED6252D-C04E-4C29-8B49-173BBC35211C} = {74E53418-043D-42E4-A1F0-4F24B44C4AEE}
		{73042886-9618-4B6A-B448-8838914DC066} = {AD47D975-CC6E-4E63-AC40-521BA951CD99}
		{8BDEFC6C-ABFA-4DF5-9F69-E1B8542408E1} = {AD47D975-CC6E-4E63-AC40-521BA951CD99}
		{489F9DD3-E26F-4E3E-9F19-33407D5695A2} = {AD47D975-CC6E-4E63-AC40-521BA951CD99}
		{8464ECCE-5116-4BCB-BF8E-4F73E5A5EE1C} = {AD47D975-CC6E-4E63-AC40-521BA951CD99}
		{2D508DC2-91F3-4DE3-BD99-6BDF3AE8B1A4} = {AD47D975-CC6E-4E63-AC40-521BA951CD99}
		{9318F1CB-94F1-4241-96EE-273D2FAD30D8} = {AD47D975-CC6E-4E63-AC40-521BA951CD99}
		{C0E3BF34-7B4C-4C43-A87C-8E8D880D86EA} = {74E53418-043D-42E4-A1F0-4F24B44C4AEE}
		{9CBD4AB9-85C2-406F-95C3-02DF9B1BF741} = {74E53418-043D-42E4-A1F0-4F24B44C4AEE}
		{2B6443F4-6C36-448D-B458-3075135E9ED4} = {AD47D975-CC6E-4E63-AC40-521BA951CD99}
		{E436389E-4A41-4681-A4F1-04C03E86106F} = {74E53418-043D-42E4-A1F0-4F24B44C4AEE}
	EndGlobalSection
	GlobalSection(ExtensibilityGlobals) = postSolution
		SolutionGuid = {59C9E87F-1E63-43E3-990F-C6BA3BC6008B}
	EndGlobalSection
EndGlobal
